<Solution>
  <Folder Name="/Solution Items/">
    <File Path="../MAComProdToDevel.dcmp" />
    <File Path="../SchemaCompare1.scmp" />
  </Folder>
  <Project Path="Database/Database.sqlproj" Id="aac2129c-5f2d-46fb-b49a-d1c190c821dd">
    <Build />
    <Deploy />
  </Project>
  <Project Path="Website/Website.csproj" />
  <Project Path="WebsiteTest/Website.Tests.csproj" Id="043589ad-c3e8-4ef6-a360-2208808e7ea0" />
</Solution>
