<Solution>
  <Folder Name="/Solution Items/">
    <File Path="../MAComProdToDevel.dcmp" />
    <File Path="../SchemaCompare.scmp" />
    <File Path="Claude.md" />
    <File Path="ToDo.md" />
  </Folder>
  <Project Path="Database/Database.sqlproj" Id="aac2129c-5f2d-46fb-b49a-d1c190c821dd">
    <Build />
    <Deploy />
  </Project>
  <Project Path="Play/Play.csproj" Id="d08cd976-27c0-4856-8162-0795193df48b" />
  <Project Path="Website/Website.csproj" />
</Solution>
